
Microsoft Visual Studio Solution File, Format Version 12.00
# Visual Studio 15
VisualStudioVersion = 15.0.27130.2027
MinimumVisualStudioVersion = 10.0.40219.1
Project("{FAE04EC0-301F-11D3-BF4B-00C04F79EFBC}") = "MyArray", "MyArray\MyArray.csproj", "{530420D1-4909-499A-BFFA-72D2FF0E37CA}"
EndProject
Global
	GlobalSection(SolutionConfigurationPlatforms) = preSolution
		Debug|Any CPU = Debug|Any CPU
		Release|Any CPU = Release|Any CPU
	EndGlobalSection
	GlobalSection(ProjectConfigurationPlatforms) = postSolution
		{530420D1-4909-499A-BFFA-72D2FF0E37CA}.Debug|Any CPU.ActiveCfg = Debug|Any CPU
		{530420D1-4909-499A-BFFA-72D2FF0E37CA}.Debug|Any CPU.Build.0 = Debug|Any CPU
		{530420D1-4909-499A-BFFA-72D2FF0E37CA}.Release|Any CPU.ActiveCfg = Release|Any CPU
		{530420D1-4909-499A-BFFA-72D2FF0E37CA}.Release|Any CPU.Build.0 = Release|Any CPU
	EndGlobalSection
	GlobalSection(SolutionProperties) = preSolution
		HideSolutionNode = FALSE
	EndGlobalSection
	GlobalSection(ExtensibilityGlobals) = postSolution
		SolutionGuid = {5A7F262D-9BD8-4CE4-899D-5C5ADDB9F0C9}
	EndGlobalSection
EndGlobal
